{
  "name": "ts-fhir-basic-example",
  "version": "1.0.0",
  "lockfileVersion": 2,
  "requires": true,
  "packages": {
    "": {
      "name": "ts-fhir-basic-example",
      "version": "1.0.0",
      "license": "ISC",
      "dependencies": {
        "fhir": "file:../..",
        "typescript": "^4.2.4"
      }
    },
    "../..": {
      "name": "fhir",
      "version": "0.0.0",
      "license": "MIT",
      "dependencies": {
        "typescript": "^4.2.4"
      },
      "devDependencies": {
        "@types/node": "^15.0.2"
      }
    },
    "../../node_modules/@types/node": {
      "version": "15.0.2",
      "dev": true,
      "license": "MIT"
    },
    "../../node_modules/typescript": {
      "version": "4.2.4",
      "license": "Apache-2.0",
      "bin": {
        "tsc": "bin/tsc",
        "tsserver": "bin/tsserver"
      },
      "engines": {
        "node": ">=4.2.0"
      }
    },
    "node_modules/fhir": {
      "resolved": "../..",
      "link": true
    },
    "node_modules/typescript": {
      "version": "4.2.4",
      "license": "Apache-2.0",
      "bin": {
        "tsc": "bin/tsc",
        "tsserver": "bin/tsserver"
      },
      "engines": {
        "node": ">=4.2.0"
      }
    }
  },
  "dependencies": {
    "fhir": {
      "version": "file:../..",
      "requires": {
        "@types/node": "^15.0.2",
        "typescript": "^4.2.4"
      },
      "dependencies": {
        "@types/node": {
          "version": "15.0.2",
          "dev": true
        },
        "typescript": {
          "version": "4.2.4"
        }
      }
    },
    "typescript": {
      "version": "4.2.4"
    }
  }
}
